
Microsoft Visual Studio Solution File, Format Version 12.00
# Visual Studio Version 16
VisualStudioVersion = 16.0.30804.86
MinimumVisualStudioVersion = 10.0.40219.1
Project("{FAE04EC0-301F-11D3-BF4B-00C04F79EFBC}") = "NunitSchool", "NunitSchool\NunitSchool.csproj", "{C3E2723E-7F58-4F8C-B4D4-AF718B726850}"
EndProject
Project("{FAE04EC0-301F-11D3-BF4B-00C04F79EFBC}") = "Locators Project", "Locators Project\Locators Project.csproj", "{99D35E53-71C3-4AD5-AF70-3A4E3456AABC}"
EndProject
Global
	GlobalSection(SolutionConfigurationPlatforms) = preSolution
		Debug|Any CPU = Debug|Any CPU
		Release|Any CPU = Release|Any CPU
	EndGlobalSection
	GlobalSection(ProjectConfigurationPlatforms) = postSolution
		{C3E2723E-7F58-4F8C-B4D4-AF718B726850}.Debug|Any CPU.ActiveCfg = Debug|Any CPU
		{C3E2723E-7F58-4F8C-B4D4-AF718B726850}.Debug|Any CPU.Build.0 = Debug|Any CPU
		{C3E2723E-7F58-4F8C-B4D4-AF718B726850}.Release|Any CPU.ActiveCfg = Release|Any CPU
		{C3E2723E-7F58-4F8C-B4D4-AF718B726850}.Release|Any CPU.Build.0 = Release|Any CPU
		{99D35E53-71C3-4AD5-AF70-3A4E3456AABC}.Debug|Any CPU.ActiveCfg = Debug|Any CPU
		{99D35E53-71C3-4AD5-AF70-3A4E3456AABC}.Debug|Any CPU.Build.0 = Debug|Any CPU
		{99D35E53-71C3-4AD5-AF70-3A4E3456AABC}.Release|Any CPU.ActiveCfg = Release|Any CPU
		{99D35E53-71C3-4AD5-AF70-3A4E3456AABC}.Release|Any CPU.Build.0 = Release|Any CPU
	EndGlobalSection
	GlobalSection(SolutionProperties) = preSolution
		HideSolutionNode = FALSE
	EndGlobalSection
	GlobalSection(ExtensibilityGlobals) = postSolution
		SolutionGuid = {025A3586-E2D6-4C03-95A8-B4C1B4665038}
	EndGlobalSection
EndGlobal
